
Microsoft Visual Studio Solution File, Format Version 12.00
# Visual Studio Version 17
VisualStudioVersion = 17.3.32922.545
MinimumVisualStudioVersion = 10.0.40219.1
Project("{9A19103F-16F7-4668-BE54-9A1E7A4F7556}") = "csharp_01_dz", "csharp_01_dz\csharp_01_dz.csproj", "{AF53A583-8433-4D7B-B8BC-0A472FD15567}"
EndProject
Project("{FAE04EC0-301F-11D3-BF4B-00C04F79EFBC}") = "csharp_arrays", "csharp_arrays\csharp_arrays.csproj", "{2CE74BDE-0B28-4C0A-AEE6-46E43FE42478}"
EndProject
Global
	GlobalSection(SolutionConfigurationPlatforms) = preSolution
		Debug|Any CPU = Debug|Any CPU
		Release|Any CPU = Release|Any CPU
	EndGlobalSection
	GlobalSection(ProjectConfigurationPlatforms) = postSolution
		{AF53A583-8433-4D7B-B8BC-0A472FD15567}.Debug|Any CPU.ActiveCfg = Debug|Any CPU
		{AF53A583-8433-4D7B-B8BC-0A472FD15567}.Debug|Any CPU.Build.0 = Debug|Any CPU
		{AF53A583-8433-4D7B-B8BC-0A472FD15567}.Release|Any CPU.ActiveCfg = Release|Any CPU
		{AF53A583-8433-4D7B-B8BC-0A472FD15567}.Release|Any CPU.Build.0 = Release|Any CPU
		{2CE74BDE-0B28-4C0A-AEE6-46E43FE42478}.Debug|Any CPU.ActiveCfg = Debug|Any CPU
		{2CE74BDE-0B28-4C0A-AEE6-46E43FE42478}.Debug|Any CPU.Build.0 = Debug|Any CPU
		{2CE74BDE-0B28-4C0A-AEE6-46E43FE42478}.Release|Any CPU.ActiveCfg = Release|Any CPU
		{2CE74BDE-0B28-4C0A-AEE6-46E43FE42478}.Release|Any CPU.Build.0 = Release|Any CPU
	EndGlobalSection
	GlobalSection(SolutionProperties) = preSolution
		HideSolutionNode = FALSE
	EndGlobalSection
	GlobalSection(ExtensibilityGlobals) = postSolution
		SolutionGuid = {EB6F0975-0C57-4335-A92A-ECBBFFFBB1EC}
	EndGlobalSection
EndGlobal
