
Microsoft Visual Studio Solution File, Format Version 12.00
# Visual Studio Version 17
VisualStudioVersion = 17.3.32922.545
MinimumVisualStudioVersion = 10.0.40219.1
Project("{FAE04EC0-301F-11D3-BF4B-00C04F79EFBC}") = "codewars", "codewars.csproj", "{623080BE-3191-4766-869A-CA7DE061ECC3}"
EndProject
Global
	GlobalSection(SolutionConfigurationPlatforms) = preSolution
		Debug|Any CPU = Debug|Any CPU
		Release|Any CPU = Release|Any CPU
	EndGlobalSection
	GlobalSection(ProjectConfigurationPlatforms) = postSolution
		{623080BE-3191-4766-869A-CA7DE061ECC3}.Debug|Any CPU.ActiveCfg = Debug|Any CPU
		{623080BE-3191-4766-869A-CA7DE061ECC3}.Debug|Any CPU.Build.0 = Debug|Any CPU
		{623080BE-3191-4766-869A-CA7DE061ECC3}.Release|Any CPU.ActiveCfg = Release|Any CPU
		{623080BE-3191-4766-869A-CA7DE061ECC3}.Release|Any CPU.Build.0 = Release|Any CPU
	EndGlobalSection
	GlobalSection(SolutionProperties) = preSolution
		HideSolutionNode = FALSE
	EndGlobalSection
	GlobalSection(ExtensibilityGlobals) = postSolution
		SolutionGuid = {BC7C7A3B-A086-4511-BBE1-71FC7A802A1F}
	EndGlobalSection
EndGlobal
