
Microsoft Visual Studio Solution File, Format Version 12.00
# Visual Studio Version 17
VisualStudioVersion = 17.3.32922.545
MinimumVisualStudioVersion = 10.0.40219.1
Project("{FAE04EC0-301F-11D3-BF4B-00C04F79EFBC}") = "cs_system_interfaces", "cs_system_interfaces\cs_system_interfaces.csproj", "{010BB4E8-03C1-4EC4-8A2F-738A74AB60E5}"
EndProject
Global
	GlobalSection(SolutionConfigurationPlatforms) = preSolution
		Debug|Any CPU = Debug|Any CPU
		Release|Any CPU = Release|Any CPU
	EndGlobalSection
	GlobalSection(ProjectConfigurationPlatforms) = postSolution
		{010BB4E8-03C1-4EC4-8A2F-738A74AB60E5}.Debug|Any CPU.ActiveCfg = Debug|Any CPU
		{010BB4E8-03C1-4EC4-8A2F-738A74AB60E5}.Debug|Any CPU.Build.0 = Debug|Any CPU
		{010BB4E8-03C1-4EC4-8A2F-738A74AB60E5}.Release|Any CPU.ActiveCfg = Release|Any CPU
		{010BB4E8-03C1-4EC4-8A2F-738A74AB60E5}.Release|Any CPU.Build.0 = Release|Any CPU
	EndGlobalSection
	GlobalSection(SolutionProperties) = preSolution
		HideSolutionNode = FALSE
	EndGlobalSection
	GlobalSection(ExtensibilityGlobals) = postSolution
		SolutionGuid = {8B40F4D2-F43C-4AE2-820A-971BC5F8199E}
	EndGlobalSection
EndGlobal
